
        "@0xproject/assert": "0.2.7",
        "@0xproject/base-contract": "0.0.5",
        "@0xproject/json-schemas": "0.7.21",
        "@0xproject/types": "0.4.2",
        "@0xproject/utils": "0.4.4",
        "@0xproject/web3-wrapper": "0.3.1",
        "bintrees": "1.0.2",
        "bn.js": "4.11.8",
        "ethereumjs-abi": "0.6.5",
        "ethereumjs-util": "5.1.2",
        "ethers-contracts": "2.2.1",
        "ethers-typescript-typings": "0.0.4",
        "js-sha3": "0.7.0",
        "web3": "0.20.2",
        "web3-typescript-typings": "0.10.2"
      },
      "dependencies": {
        "@0xproject/types": {
          "version": "0.4.2",
          "resolved": "https://registry.npmjs.org/@0xproject/types/-/types-0.4.2.tgz",
          "integrity": "sha1-g9br72D0HmIJrLJlax1o/3k2fKU=",
          "requires": {
            "bignumber.js": "4.1.0"
          }
        },
        "@0xproject/typescript-typings": {
          "version": "0.0.2",
          "resolved": "https://registry.npmjs.org/@0xproject/typescript-typings/-/typescript-typings-0.0.2.tgz",
          "integrity": "sha1-tUnqPIHOLYG5nwVYO998QRo8qQw=",
          "requires": {
            "@0xproject/types": "0.4.2",
            "bignumber.js": "4.1.0"
          }
        },
        "@0xproject/utils": {
          "version": "0.4.4",
          "resolved": "https://registry.npmjs.org/@0xproject/utils/-/utils-0.4.4.tgz",
          "integrity": "sha1-vOT3paRlcKaZEfSkreXUkBYzAIc=",
          "requires": {
            "@0xproject/types": "0.4.2",
            "@0xproject/typescript-typings": "0.0.2",
            "@types/node": "8.10.10",
            "bignumber.js": "4.1.0",
            "ethers-contracts": "2.2.1",
            "js-sha3": "0.7.0",
            "lodash": "4.17.4",
            "web3": "0.20.2"
          }
        },
        "@types/node": {
          "version": "8.10.10",
          "resolved": "https://registry.npmjs.org/@types/node/-/node-8.10.10.tgz",
          "integrity": "sha512-p3W/hFzQs76RlYRIZsZc5a9bht6m0TspmWYYbKhRswmLnwj9fsE40EbuGifeu/XWR/c0UJQ1DDbvTxIsm/OOAA=="
        }
      "version": "0.2.7",
      "resolved": "https://registry.npmjs.org/@0xproject/assert/-/assert-0.2.7.tgz",
      "integrity": "sha1-iMAjz1rg0TlMGbpCYA7GHHi+ApU=",
        "@0xproject/json-schemas": "0.7.21",
        "@0xproject/typescript-typings": "0.2.0",
        "@0xproject/utils": "0.5.2",
    "@0xproject/base-contract": {
      "version": "0.0.5",
      "resolved": "https://registry.npmjs.org/@0xproject/base-contract/-/base-contract-0.0.5.tgz",
      "integrity": "sha1-QCYN39A63QEB3GCqzRLDu/RGJHc=",
      "requires": {
        "@0xproject/types": "0.4.2",
        "@0xproject/web3-wrapper": "0.3.1",
        "ethers-contracts": "2.2.1",
        "ethers-typescript-typings": "0.0.4",
        "lodash": "4.17.4",
        "web3": "0.20.2",
        "web3-typescript-typings": "0.10.2"
      },
      "dependencies": {
        "@0xproject/types": {
          "version": "0.4.2",
          "resolved": "https://registry.npmjs.org/@0xproject/types/-/types-0.4.2.tgz",
          "integrity": "sha1-g9br72D0HmIJrLJlax1o/3k2fKU=",
          "requires": {
            "bignumber.js": "4.1.0"
          }
        }
      }
    },
      "version": "0.6.10",
      "resolved": "https://registry.npmjs.org/@0xproject/connect/-/connect-0.6.10.tgz",
      "integrity": "sha1-RDGSstiuBoXB0cWey6284vqBpv8=",
        "@0xproject/assert": "0.2.7",
        "@0xproject/json-schemas": "0.7.21",
        "@0xproject/types": "0.6.1",
        "@0xproject/typescript-typings": "0.2.0",
        "@0xproject/utils": "0.5.2",
      "version": "0.7.21",
      "resolved": "https://registry.npmjs.org/@0xproject/json-schemas/-/json-schemas-0.7.21.tgz",
      "integrity": "sha1-SWgjGWAgLR8YMFXSif6jo9WIbbw=",
        "@0xproject/typescript-typings": "0.2.0",
        "@types/node": "8.10.9",
        "jsonschema": "1.2.0",
    "@0xproject/types": {
      "version": "0.6.1",
      "resolved": "https://registry.npmjs.org/@0xproject/types/-/types-0.6.1.tgz",
      "integrity": "sha1-HbY2lQ1+QXvJAwxjCcqNgAdTemg=",
      "requires": {
        "bignumber.js": "4.1.0"
      }
    },
    "@0xproject/typescript-typings": {
      "version": "0.2.0",
      "resolved": "https://registry.npmjs.org/@0xproject/typescript-typings/-/typescript-typings-0.2.0.tgz",
      "integrity": "sha1-U1kOaGb94PC9NYS4PhIR2r6c1TA=",
      "requires": {
        "@0xproject/types": "0.6.1",
        "bignumber.js": "4.1.0"
      }
    },
      "version": "0.5.2",
      "resolved": "https://registry.npmjs.org/@0xproject/utils/-/utils-0.5.2.tgz",
      "integrity": "sha1-As4KkgQ32woV0FnoxscPoz6cOGA=",
        "@0xproject/types": "0.6.1",
        "@0xproject/typescript-typings": "0.2.0",
        "@types/node": "8.10.9",
        "ethers-contracts": "2.2.1",
        "lodash": "4.17.4",
        "web3": "0.20.2"
        "@types/node": {
          "version": "8.10.9",
          "resolved": "https://registry.npmjs.org/@types/node/-/node-8.10.9.tgz",
          "integrity": "sha512-GUUTbeDaJSRaoLkqVQ5jwwKbDiLWFX3JrKLvC078q2P51Z9Dcb5F5UdnApSYqdMk4X0VrKod1gzeoX8bGl8DMg=="
        },
        "js-sha3": {
          "version": "0.7.0",
          "resolved": "https://registry.npmjs.org/js-sha3/-/js-sha3-0.7.0.tgz",
          "integrity": "sha512-Wpks3yBDm0UcL5qlVhwW9Jr9n9i4FfeWBFOOXP5puDS/SiudJGhw7DPyBqn3487qD4F0lsC0q3zxink37f7zeA=="
    "@0xproject/web3-wrapper": {
      "version": "0.3.1",
      "resolved": "https://registry.npmjs.org/@0xproject/web3-wrapper/-/web3-wrapper-0.3.1.tgz",
      "integrity": "sha1-GaTLZZ7WPOISPdcavGRXuB6+mtY=",
      "requires": {
        "@0xproject/types": "0.4.2",
        "@0xproject/utils": "0.4.4",
        "ethers-contracts": "2.2.1",
        "ethers-typescript-typings": "0.0.4",
        "lodash": "4.17.4",
        "web3": "0.20.2",
        "web3-typescript-typings": "0.10.2"
      },
      "dependencies": {
        "@0xproject/types": {
          "version": "0.4.2",
          "resolved": "https://registry.npmjs.org/@0xproject/types/-/types-0.4.2.tgz",
          "integrity": "sha1-g9br72D0HmIJrLJlax1o/3k2fKU=",
          "requires": {
            "bignumber.js": "4.1.0"
          }
        },
        "@0xproject/typescript-typings": {
          "version": "0.0.2",
          "resolved": "https://registry.npmjs.org/@0xproject/typescript-typings/-/typescript-typings-0.0.2.tgz",
          "integrity": "sha1-tUnqPIHOLYG5nwVYO998QRo8qQw=",
          "requires": {
            "@0xproject/types": "0.4.2",
            "bignumber.js": "4.1.0"
          }
        },
        "@0xproject/utils": {
          "version": "0.4.4",
          "resolved": "https://registry.npmjs.org/@0xproject/utils/-/utils-0.4.4.tgz",
          "integrity": "sha1-vOT3paRlcKaZEfSkreXUkBYzAIc=",
          "requires": {
            "@0xproject/types": "0.4.2",
            "@0xproject/typescript-typings": "0.0.2",
            "@types/node": "8.10.10",
            "bignumber.js": "4.1.0",
            "ethers-contracts": "2.2.1",
            "js-sha3": "0.7.0",
            "lodash": "4.17.4",
            "web3": "0.20.2"
          }
        },
        "@types/node": {
          "version": "8.10.10",
          "resolved": "https://registry.npmjs.org/@types/node/-/node-8.10.10.tgz",
          "integrity": "sha512-p3W/hFzQs76RlYRIZsZc5a9bht6m0TspmWYYbKhRswmLnwj9fsE40EbuGifeu/XWR/c0UJQ1DDbvTxIsm/OOAA=="
        }
      }
    },
    "ethers-contracts": {
      "version": "2.2.1",
      "resolved": "https://registry.npmjs.org/ethers-contracts/-/ethers-contracts-2.2.1.tgz",
      "integrity": "sha512-3fT2gyhoDhqp/bgaBOenmyu74dDGGO9adkBaOtEuNmFq0Yf4nwynYWJv++rDxe6Z5Dl5cBF304GhnJUVFVlfCA==",
      "requires": {
        "ethers-utils": "2.1.11"
      }
    },
    "ethers-typescript-typings": {
      "version": "0.0.4",
      "resolved": "https://registry.npmjs.org/ethers-typescript-typings/-/ethers-typescript-typings-0.0.4.tgz",
      "integrity": "sha1-YLb52DhQThN1XS1bvS6SAFHN1AE="
    },
    "ethers-utils": {
      "version": "2.1.11",
      "resolved": "https://registry.npmjs.org/ethers-utils/-/ethers-utils-2.1.11.tgz",
      "integrity": "sha512-BfkGStBmmLjhTldmp5lifiwUeDjx/yowoWfmUnnvPNsix5PFE8IXQdY5VT/Qo1SXMgxzCe8m0Z8ysUw6Q9OmAw==",
      "requires": {
        "bn.js": "4.11.8",
        "hash.js": "1.1.3",
        "js-sha3": "0.5.7",
        "xmlhttprequest": "1.8.0"
      },
      "dependencies": {
        "js-sha3": {
          "version": "0.5.7",
          "resolved": "https://registry.npmjs.org/js-sha3/-/js-sha3-0.5.7.tgz",
          "integrity": "sha1-DU/9gALVMzqrr0oj7tL2N0yfKOc="
        }
      }
    },
    "ethjs": {
      "version": "0.3.6",
      "resolved": "https://registry.npmjs.org/ethjs/-/ethjs-0.3.6.tgz",
      "integrity": "sha512-9ojnSkV5XXSM5vo0pKgZpE+SNBPxqSUN0dZmMP5dBZVFOYctRd9tfaZ80Jnde3M4JrfUhhkbG5QFvewitaAY7Q==",
      "requires": {
        "bn.js": "4.11.6",
        "ethjs-abi": "0.2.1",
        "ethjs-contract": "0.1.9",
        "ethjs-filter": "0.1.5",
        "ethjs-provider-http": "0.1.6",
        "ethjs-query": "0.3.4",
        "ethjs-unit": "0.1.6",
        "ethjs-util": "0.1.3",
        "js-sha3": "0.5.5",
        "number-to-bn": "1.7.0"
      },
      "dependencies": {
        "bn.js": {
          "version": "4.11.6",
          "resolved": "https://registry.npmjs.org/bn.js/-/bn.js-4.11.6.tgz",
          "integrity": "sha1-UzRK2xRhehP26N0s4okF0cC6MhU="
        },
        "ethjs-util": {
          "version": "0.1.3",
          "resolved": "https://registry.npmjs.org/ethjs-util/-/ethjs-util-0.1.3.tgz",
          "integrity": "sha1-39XqSkANxeQhqInK9H4IGtp4u1U=",
          "requires": {
            "is-hex-prefixed": "1.0.0",
            "strip-hex-prefix": "1.0.0"
          }
        },
        "js-sha3": {
          "version": "0.5.5",
          "resolved": "https://registry.npmjs.org/js-sha3/-/js-sha3-0.5.5.tgz",
          "integrity": "sha1-uvDA6MVK1ZA0R9+Wreekobynmko="
        }
      }
    },
    "ethjs-abi": {
      "version": "0.2.1",
      "resolved": "https://registry.npmjs.org/ethjs-abi/-/ethjs-abi-0.2.1.tgz",
      "integrity": "sha1-4KepOn6BFjqUR3utVu3lJKtt5TM=",
      "requires": {
        "bn.js": "4.11.6",
        "js-sha3": "0.5.5",
        "number-to-bn": "1.7.0"
      },
      "dependencies": {
        "bn.js": {
          "version": "4.11.6",
          "resolved": "https://registry.npmjs.org/bn.js/-/bn.js-4.11.6.tgz",
          "integrity": "sha1-UzRK2xRhehP26N0s4okF0cC6MhU="
        },
        "js-sha3": {
          "version": "0.5.5",
          "resolved": "https://registry.npmjs.org/js-sha3/-/js-sha3-0.5.5.tgz",
          "integrity": "sha1-uvDA6MVK1ZA0R9+Wreekobynmko="
        }
      }
    },
    "ethjs-contract": {
      "version": "0.1.9",
      "resolved": "https://registry.npmjs.org/ethjs-contract/-/ethjs-contract-0.1.9.tgz",
      "integrity": "sha1-HCdmiWpW1H7B1tZhgpxJzDilUgo=",
      "requires": {
        "ethjs-abi": "0.2.0",
        "ethjs-filter": "0.1.5",
        "ethjs-util": "0.1.3",
        "js-sha3": "0.5.5"
      },
      "dependencies": {
        "bn.js": {
          "version": "4.11.6",
          "resolved": "https://registry.npmjs.org/bn.js/-/bn.js-4.11.6.tgz",
          "integrity": "sha1-UzRK2xRhehP26N0s4okF0cC6MhU="
        },
        "ethjs-abi": {
          "version": "0.2.0",
          "resolved": "https://registry.npmjs.org/ethjs-abi/-/ethjs-abi-0.2.0.tgz",
          "integrity": "sha1-0+LCIQEVIPxJm3FoIDbBT8wvWyU=",
          "requires": {
            "bn.js": "4.11.6",
            "js-sha3": "0.5.5",
            "number-to-bn": "1.7.0"
          }
        },
        "ethjs-util": {
          "version": "0.1.3",
          "resolved": "https://registry.npmjs.org/ethjs-util/-/ethjs-util-0.1.3.tgz",
          "integrity": "sha1-39XqSkANxeQhqInK9H4IGtp4u1U=",
          "requires": {
            "is-hex-prefixed": "1.0.0",
            "strip-hex-prefix": "1.0.0"
          }
        },
        "js-sha3": {
          "version": "0.5.5",
          "resolved": "https://registry.npmjs.org/js-sha3/-/js-sha3-0.5.5.tgz",
          "integrity": "sha1-uvDA6MVK1ZA0R9+Wreekobynmko="
        }
      }
    },
    "ethjs-filter": {
      "version": "0.1.5",
      "resolved": "https://registry.npmjs.org/ethjs-filter/-/ethjs-filter-0.1.5.tgz",
      "integrity": "sha1-ARKvYBfCRnfjK4/esg5hlgGbdZg="
    },
    "ethjs-format": {
      "version": "0.2.5",
      "resolved": "https://registry.npmjs.org/ethjs-format/-/ethjs-format-0.2.5.tgz",
      "integrity": "sha1-RPMKvuF7B01xYtLIhqv/0GWCiSU=",
      "requires": {
        "bn.js": "4.11.6",
        "ethjs-schema": "0.2.0",
        "ethjs-util": "0.1.3",
        "is-hex-prefixed": "1.0.0",
        "number-to-bn": "1.7.0",
        "strip-hex-prefix": "1.0.0"
      },
      "dependencies": {
        "bn.js": {
          "version": "4.11.6",
          "resolved": "https://registry.npmjs.org/bn.js/-/bn.js-4.11.6.tgz",
          "integrity": "sha1-UzRK2xRhehP26N0s4okF0cC6MhU="
        },
        "ethjs-util": {
          "version": "0.1.3",
          "resolved": "https://registry.npmjs.org/ethjs-util/-/ethjs-util-0.1.3.tgz",
          "integrity": "sha1-39XqSkANxeQhqInK9H4IGtp4u1U=",
          "requires": {
            "is-hex-prefixed": "1.0.0",
            "strip-hex-prefix": "1.0.0"
          }
        }
      }
    },
    "ethjs-provider-http": {
      "version": "0.1.6",
      "resolved": "https://registry.npmjs.org/ethjs-provider-http/-/ethjs-provider-http-0.1.6.tgz",
      "integrity": "sha1-HsXZtL4lfvHValALIqdBmF6IlCA=",
      "requires": {
        "xhr2": "0.1.3"
      },
      "dependencies": {
        "xhr2": {
          "version": "0.1.3",
          "resolved": "https://registry.npmjs.org/xhr2/-/xhr2-0.1.3.tgz",
          "integrity": "sha1-y/xHWaabSoiOeM9PILBRA4dXvRE="
        }
      }
    },
    "ethjs-query": {
      "version": "0.3.4",
      "resolved": "https://registry.npmjs.org/ethjs-query/-/ethjs-query-0.3.4.tgz",
      "integrity": "sha512-RkeLtBwuXJkBIf/U+Az0GOT203UiBLmN7WA6WZIwSTbmhH2yNicggwaWKvN3TOtpErOsXnzYTZp82mElHdORUQ==",
      "requires": {
        "ethjs-format": "0.2.5",
        "ethjs-rpc": "0.1.9"
      }
    },
    "ethjs-rpc": {
      "version": "0.1.9",
      "resolved": "https://registry.npmjs.org/ethjs-rpc/-/ethjs-rpc-0.1.9.tgz",
      "integrity": "sha512-KJqT7cgTeCJQ2RY1AlVmTZVnKIUXMPg+niPN5VJKwRSzpjgfr3LTVHlGbkRCqZtOMDi0ogB2vHZaRQiZBXZTUg=="
    },
    "ethjs-schema": {
      "version": "0.2.0",
      "resolved": "https://registry.npmjs.org/ethjs-schema/-/ethjs-schema-0.2.0.tgz",
      "integrity": "sha1-B7RtT1W3kqhGyQp58zDTHREsyjg="
    },
    "ethjs-unit": {
      "version": "0.1.6",
      "resolved": "https://registry.npmjs.org/ethjs-unit/-/ethjs-unit-0.1.6.tgz",
      "integrity": "sha1-xmWSHkduh7ziqdWIpv4EBbLEFpk=",
      "requires": {
        "bn.js": "4.11.6",
        "number-to-bn": "1.7.0"
      },
      "dependencies": {
        "bn.js": {
          "version": "4.11.6",
          "resolved": "https://registry.npmjs.org/bn.js/-/bn.js-4.11.6.tgz",
          "integrity": "sha1-UzRK2xRhehP26N0s4okF0cC6MhU="
        }
      }
    },
    "github-from-package": {
      "version": "0.0.0",
      "resolved": "https://registry.npmjs.org/github-from-package/-/github-from-package-0.0.0.tgz",
      "integrity": "sha1-l/tdlr/eiXMxPyDoKI75oWf6ZM4="
    },
    "rc": {
      "version": "1.2.2",
      "resolved": "https://registry.npmjs.org/rc/-/rc-1.2.2.tgz",
      "integrity": "sha1-2M6ctX6NZNnHut2YdsfDTL48cHc=",
      "requires": {
        "deep-extend": "0.4.2",
        "ini": "1.3.4",
        "minimist": "1.2.0",
        "strip-json-comments": "2.0.1"
      },
      "dependencies": {
        "minimist": {
          "version": "1.2.0",
          "resolved": "https://registry.npmjs.org/minimist/-/minimist-1.2.0.tgz",
          "integrity": "sha1-o1AIsg9BOD7sH7kU9M1d95omQoQ="
        }
      }
    },
    "simple-get": {
      "version": "1.4.3",
      "resolved": "https://registry.npmjs.org/simple-get/-/simple-get-1.4.3.tgz",
      "integrity": "sha1-6XVe2kB+ltpAxeUVjJ6jezO+y+s=",
      "requires": {
        "once": "1.4.0",
        "unzip-response": "1.0.2",
        "xtend": "4.0.1"
      }
    },
              "dev": true,
              "requires": {
                "code-point-at": "1.1.0",
                "is-fullwidth-code-point": "1.0.0",
                "strip-ansi": "3.0.1"
              }
            }
          }
        },
        "string-width": {
          "version": "2.1.1",
          "resolved": "https://registry.npmjs.org/string-width/-/string-width-2.1.1.tgz",
          "integrity": "sha1-q5Pyeo3BPSjKyBXEYhQ6bZASrp4=",
          "dev": true,
          "requires": {
            "is-fullwidth-code-point": "2.0.0",
            "strip-ansi": "4.0.0"
          },
          "dependencies": {
            "is-fullwidth-code-point": {
              "version": "2.0.0",
              "resolved": "https://registry.npmjs.org/is-fullwidth-code-point/-/is-fullwidth-code-point-2.0.0.tgz",
              "integrity": "sha1-o7MKXE8ZkYMWeqq5O+764937ZU8=",
              "dev": true
            },
            "strip-ansi": {
              "version": "4.0.0",
              "resolved": "https://registry.npmjs.org/strip-ansi/-/strip-ansi-4.0.0.tgz",
              "integrity": "sha1-qEeQIusaw2iocTibY1JixQXuNo8=",
              "dev": true,
              "requires": {
                "ansi-regex": "3.0.0"
              }
            }
          }
        }
      }
    },
    "yargs-parser": {
      "version": "7.0.0",
      "resolved": "https://registry.npmjs.org/yargs-parser/-/yargs-parser-7.0.0.tgz",
      "integrity": "sha1-jQrELxbqVd69MyyvTEA4s+P139k=",
      "dev": true,
      "requires": {
        "camelcase": "4.1.0"
      },
      "dependencies": {
        "camelcase": {
          "version": "4.1.0",
          "resolved": "https://registry.npmjs.org/camelcase/-/camelcase-4.1.0.tgz",
          "integrity": "sha1-1UVjW+HjPFQmScaRc+Xeas+uNN0=",
          "dev": true
        }
      }
    }
  }
}
